{
  "lockfile_version": "1",
  "packages": {
    "awscli2@latest": {
      "last_modified": "2024-09-27T09:34:34Z",
      "resolved": "github:NixOS/nixpkgs/e0f477a570df7375172a08ddb9199c90853c63f0#awscli2",
      "source": "devbox-search",
      "version": "2.17.56",
      "systems": {
        "aarch64-darwin": {
          "outputs": [
            {
              "name": "out",
              "path": "/nix/store/q6jbqisxlyfgc9silwsbx18615hzqm4s-awscli2-2.17.56",
              "default": true
            },
            {
              "name": "dist",
              "path": "/nix/store/cn3xv1jrv4gw0i82sj1wbx5hyzad2gfx-awscli2-2.17.56-dist"
            }
          ],
          "store_path": "/nix/store/q6jbqisxlyfgc9silwsbx18615hzqm4s-awscli2-2.17.56"
        },
        "aarch64-linux": {
          "outputs": [
            {
              "name": "out",
              "path": "/nix/store/yx9dj8kld757k6w73wk49082xx66vl9h-awscli2-2.17.56",
              "default": true
            },
            {
              "name": "dist",
              "path": "/nix/store/8yi59jlv73v0h642kp3snn8n44av2nfn-awscli2-2.17.56-dist"
            }
          ],
          "store_path": "/nix/store/yx9dj8kld757k6w73wk49082xx66vl9h-awscli2-2.17.56"
        },
        "x86_64-darwin": {
          "outputs": [
            {
              "name": "out",
              "path": "/nix/store/nlz1krgi0lacm2p5ahbzp5vsk3m49f21-awscli2-2.17.56",
              "default": true
            },
            {
              "name": "dist",
              "path": "/nix/store/cg9ix7x8fykjyv3khac5c1p3q8mdilv1-awscli2-2.17.56-dist"
            }
          ],
          "store_path": "/nix/store/nlz1krgi0lacm2p5ahbzp5vsk3m49f21-awscli2-2.17.56"
        },
        "x86_64-linux": {
          "outputs": [
            {
              "name": "out",
              "path": "/nix/store/3mp8yc2cndmq58gaix4y4d2cm95xqdsx-awscli2-2.17.56",
              "default": true
            },
            {
              "name": "dist",
              "path": "/nix/store/sgr6v5a0d0z3iss68z5jffa0gahq9v0m-awscli2-2.17.56-dist"
            }
          ],
          "store_path": "/nix/store/3mp8yc2cndmq58gaix4y4d2cm95xqdsx-awscli2-2.17.56"
        }
      }
    },
    "go-task@latest": {
      "last_modified": "2024-09-10T15:01:03Z",
      "resolved": "github:NixOS/nixpkgs/5ed627539ac84809c78b2dd6d26a5cebeb5ae269#go-task",
      "source": "devbox-search",
      "version": "3.38.0",
      "systems": {
        "aarch64-darwin": {
          "outputs": [
            {
              "name": "out",
              "path": "/nix/store/6fnjga1f6y9yw0xfa7bqq48mk4wnwj60-go-task-3.38.0",
              "default": true
            }
          ],
          "store_path": "/nix/store/6fnjga1f6y9yw0xfa7bqq48mk4wnwj60-go-task-3.38.0"
        },
        "aarch64-linux": {
          "outputs": [
            {
              "name": "out",
              "path": "/nix/store/y00rivpjziw0zpzacdxjmrs5i28d7grf-go-task-3.38.0",
              "default": true
            }
          ],
          "store_path": "/nix/store/y00rivpjziw0zpzacdxjmrs5i28d7grf-go-task-3.38.0"
        },
        "x86_64-darwin": {
          "outputs": [
            {
              "name": "out",
              "path": "/nix/store/kc0zm9kgsraznqyns5jqv0dixfgk6fm7-go-task-3.38.0",
              "default": true
            }
          ],
          "store_path": "/nix/store/kc0zm9kgsraznqyns5jqv0dixfgk6fm7-go-task-3.38.0"
        },
        "x86_64-linux": {
          "outputs": [
            {
              "name": "out",
              "path": "/nix/store/6fya93gcf8sla6npxp99rnbvyj6pmnr5-go-task-3.38.0",
              "default": true
            }
          ],
          "store_path": "/nix/store/6fya93gcf8sla6npxp99rnbvyj6pmnr5-go-task-3.38.0"
        }
      }
    },
    "go@latest": {
      "last_modified": "2024-09-10T15:01:03Z",
      "resolved": "github:NixOS/nixpkgs/5ed627539ac84809c78b2dd6d26a5cebeb5ae269#go_1_23",
      "source": "devbox-search",
      "version": "1.23.1",
      "systems": {
        "aarch64-darwin": {
          "outputs": [
            {
              "name": "out",
              "path": "/nix/store/nvaay1c4banbccyvv6ba1gzyqpypjmfq-go-1.23.1",
              "default": true
            }
          ],
          "store_path": "/nix/store/nvaay1c4banbccyvv6ba1gzyqpypjmfq-go-1.23.1"
        },
        "aarch64-linux": {
          "outputs": [
            {
              "name": "out",
              "path": "/nix/store/9ylsay11jb3p6yarkmlz0fin76cdypwa-go-1.23.1",
              "default": true
            }
          ],
          "store_path": "/nix/store/9ylsay11jb3p6yarkmlz0fin76cdypwa-go-1.23.1"
        },
        "x86_64-darwin": {
          "outputs": [
            {
              "name": "out",
              "path": "/nix/store/zkg5xhyx2rs03dq0qp14nqlx9ff1y5c5-go-1.23.1",
              "default": true
            }
          ],
          "store_path": "/nix/store/zkg5xhyx2rs03dq0qp14nqlx9ff1y5c5-go-1.23.1"
        },
        "x86_64-linux": {
          "outputs": [
            {
              "name": "out",
              "path": "/nix/store/mi0ybwsm6pmxzv9hsm6bcbqaq1pkf8wh-go-1.23.1",
              "default": true
            }
          ],
          "store_path": "/nix/store/mi0ybwsm6pmxzv9hsm6bcbqaq1pkf8wh-go-1.23.1"
        }
      }
    },
    "jq@latest": {
      "last_modified": "2024-09-29T13:45:20Z",
      "resolved": "github:NixOS/nixpkgs/7eee17a8a5868ecf596bbb8c8beb527253ea8f4d#jq",
      "source": "devbox-search",
      "version": "1.7.1",
      "systems": {
        "aarch64-darwin": {
          "outputs": [
            {
              "name": "bin",
              "path": "/nix/store/9h78n0xjxgjmmb37bi8ca6wyikx357fn-jq-1.7.1-bin",
              "default": true
            },
            {
              "name": "man",
              "path": "/nix/store/gxakkni5fxplsxkhlpd1y39z848r9w1k-jq-1.7.1-man",
              "default": true
            },
            {
              "name": "out",
              "path": "/nix/store/49pvp5zyzs3kqafdrvl5l8zrr5gxg2ha-jq-1.7.1"
            },
            {
              "name": "dev",
              "path": "/nix/store/87lmnqwvgrbr4mymv790ysnp1fp9dbvc-jq-1.7.1-dev"
            },
            {
              "name": "doc",
              "path": "/nix/store/dgrfyris3jajhimxw0p5qwpmdwsz0k6m-jq-1.7.1-doc"
            },
            {
              "name": "lib",
              "path": "/nix/store/1xx96kscxipvqg02hg5zhkc3p6jg8dax-jq-1.7.1-lib"
            }
          ],
          "store_path": "/nix/store/9h78n0xjxgjmmb37bi8ca6wyikx357fn-jq-1.7.1-bin"
        },
        "aarch64-linux": {
          "outputs": [
            {
              "name": "bin",
              "path": "/nix/store/d53sa7n91q32bj4n3d8yfih66w0cnybk-jq-1.7.1-bin",
              "default": true
            },
            {
              "name": "man",
              "path": "/nix/store/m2q5jyh2ifvyy71054kvdq12bq1kny0q-jq-1.7.1-man",
              "default": true
            },
            {
              "name": "dev",
              "path": "/nix/store/xwy0g4wfzibz2hv9gnrcmg4hncncg0gx-jq-1.7.1-dev"
            },
            {
              "name": "doc",
              "path": "/nix/store/3scw7wdaz3mnigbqpir7yd81lfx4vb4a-jq-1.7.1-doc"
            },
            {
              "name": "lib",
              "path": "/nix/store/ffrivwacr1y18qq3fyk5gqz4h99hncza-jq-1.7.1-lib"
            },
            {
              "name": "out",
              "path": "/nix/store/hsrxl3njwwhi8zcbdrradmzdhf8q8b2c-jq-1.7.1"
            }
          ],
          "store_path": "/nix/store/d53sa7n91q32bj4n3d8yfih66w0cnybk-jq-1.7.1-bin"
        },
        "x86_64-darwin": {
          "outputs": [
            {
              "name": "bin",
              "path": "/nix/store/vprdq5a3dk284s7blbxgaciqn90j5vgy-jq-1.7.1-bin",
              "default": true
            },
            {
              "name": "man",
              "path": "/nix/store/b7g1b4d9bkrii1l08h7jm42m346rch3n-jq-1.7.1-man",
              "default": true
            },
            {
              "name": "out",
              "path": "/nix/store/m8y9qhibbih84af3vqs4wl72k9dpyiyj-jq-1.7.1"
            },
            {
              "name": "dev",
              "path": "/nix/store/mz2z5g6xiji538wkxclm7hxjqcji8kj0-jq-1.7.1-dev"
            },
            {
              "name": "doc",
              "path": "/nix/store/71lp09p1kdcdhk4xvs97w31ik0sjjimr-jq-1.7.1-doc"
            },
            {
              "name": "lib",
              "path": "/nix/store/0lg1w92gx3aam7b1h311ssmjq63p3kd4-jq-1.7.1-lib"
            }
          ],
          "store_path": "/nix/store/vprdq5a3dk284s7blbxgaciqn90j5vgy-jq-1.7.1-bin"
        },
        "x86_64-linux": {
          "outputs": [
            {
              "name": "bin",
              "path": "/nix/store/x8jzsy0y1zk30mcvav2rh6lrw1gbzzy3-jq-1.7.1-bin",
              "default": true
            },
            {
              "name": "man",
              "path": "/nix/store/0jpj9xq83imjwhldsrmiyn8pp8wjazp5-jq-1.7.1-man",
              "default": true
            },
            {
              "name": "dev",
              "path": "/nix/store/04ca5xwvasz6s3jg0k7njz6rzi0d225w-jq-1.7.1-dev"
            },
            {
              "name": "doc",
              "path": "/nix/store/yfc9bsy7n9k66238s3cy7vw3cw1l1ap8-jq-1.7.1-doc"
            },
            {
              "name": "lib",
              "path": "/nix/store/n2vk1zmfzy726amnpr96jibk4zaya6qq-jq-1.7.1-lib"
            },
            {
              "name": "out",
              "path": "/nix/store/7sy12xv4fwii421d920jxqx63c0ai3w3-jq-1.7.1"
            }
          ],
          "store_path": "/nix/store/x8jzsy0y1zk30mcvav2rh6lrw1gbzzy3-jq-1.7.1-bin"
        }
      }
    },
    "kubectl@latest": {
      "last_modified": "2024-09-20T05:11:28Z",
      "resolved": "github:NixOS/nixpkgs/79454ee9aacc9714653a4e7eb2a52b717728caff#kubectl",
      "source": "devbox-search",
      "version": "1.31.0",
      "systems": {
        "aarch64-darwin": {
          "outputs": [
            {
              "name": "out",
              "path": "/nix/store/a3sbf306xajs0af6pcz34pw4pi9mkmj5-kubectl-1.31.0",
              "default": true
            },
            {
              "name": "man",
              "path": "/nix/store/ap867akfi9x10mzsbna51rxfh5wx5av2-kubectl-1.31.0-man",
              "default": true
            },
            {
              "name": "convert",
              "path": "/nix/store/n3g8pl6v8qf08d6z6pjllrb89ysr1zsc-kubectl-1.31.0-convert"
            }
          ],
          "store_path": "/nix/store/a3sbf306xajs0af6pcz34pw4pi9mkmj5-kubectl-1.31.0"
        },
        "aarch64-linux": {
          "outputs": [
            {
              "name": "out",
              "path": "/nix/store/qg9r3qqnjjxqmaq9qqbyh9x12k1vvqhv-kubectl-1.31.0",
              "default": true
            },
            {
              "name": "man",
              "path": "/nix/store/j132aazwv8nylcr4ciddmyhfwy48al5w-kubectl-1.31.0-man",
              "default": true
            },
            {
              "name": "convert",
              "path": "/nix/store/rc505l8rn9sd9g75hkxv1vq8zhr37j4x-kubectl-1.31.0-convert"
            }
          ],
          "store_path": "/nix/store/qg9r3qqnjjxqmaq9qqbyh9x12k1vvqhv-kubectl-1.31.0"
        },
        "x86_64-darwin": {
          "outputs": [
            {
              "name": "out",
              "path": "/nix/store/c5q71r4zbx9jjrdg1bky82q3ak87dsmn-kubectl-1.31.0",
              "default": true
            },
            {
              "name": "man",
              "path": "/nix/store/fqnpf91mg1w1z7glgx42wxgw8k2j4ym0-kubectl-1.31.0-man",
              "default": true
            },
            {
              "name": "convert",
              "path": "/nix/store/arnjlmd1zxdnp76qgk343ybqkjs3d4fb-kubectl-1.31.0-convert"
            }
          ],
          "store_path": "/nix/store/c5q71r4zbx9jjrdg1bky82q3ak87dsmn-kubectl-1.31.0"
        },
        "x86_64-linux": {
          "outputs": [
            {
              "name": "out",
              "path": "/nix/store/2xi1vzmqlbsqg9k3n1m204n56als7lyn-kubectl-1.31.0",
              "default": true
            },
            {
              "name": "man",
              "path": "/nix/store/75y8hkbk46qksfhqbkv5ass7xx3x1xsh-kubectl-1.31.0-man",
              "default": true
            },
            {
              "name": "convert",
              "path": "/nix/store/h9v1hlig44y827ms1cszwld3agdbh47k-kubectl-1.31.0-convert"
            }
          ],
          "store_path": "/nix/store/2xi1vzmqlbsqg9k3n1m204n56als7lyn-kubectl-1.31.0"
        }
      }
    },
    "kustomize@latest": {
      "last_modified": "2024-09-10T15:01:03Z",
      "resolved": "github:NixOS/nixpkgs/5ed627539ac84809c78b2dd6d26a5cebeb5ae269#kustomize",
      "source": "devbox-search",
      "version": "5.4.3",
      "systems": {
        "aarch64-darwin": {
          "outputs": [
            {
              "name": "out",
              "path": "/nix/store/cj6162hcll6jw4lp0cvlh78jlwb42kvc-kustomize-5.4.3",
              "default": true
            }
          ],
          "store_path": "/nix/store/cj6162hcll6jw4lp0cvlh78jlwb42kvc-kustomize-5.4.3"
        },
        "aarch64-linux": {
          "outputs": [
            {
              "name": "out",
              "path": "/nix/store/bfz8np8k8l4xn6qq4qacwcqgmnx57vy7-kustomize-5.4.3",
              "default": true
            }
          ],
          "store_path": "/nix/store/bfz8np8k8l4xn6qq4qacwcqgmnx57vy7-kustomize-5.4.3"
        },
        "x86_64-darwin": {
          "outputs": [
            {
              "name": "out",
              "path": "/nix/store/fklmq6hmq8fq5ggxk59yrqhqrjkpb5nn-kustomize-5.4.3",
              "default": true
            }
          ],
          "store_path": "/nix/store/fklmq6hmq8fq5ggxk59yrqhqrjkpb5nn-kustomize-5.4.3"
        },
        "x86_64-linux": {
          "outputs": [
            {
              "name": "out",
              "path": "/nix/store/1xp4g0r29lkd2c8f3qmhw3flv873z20q-kustomize-5.4.3",
              "default": true
            }
          ],
          "store_path": "/nix/store/1xp4g0r29lkd2c8f3qmhw3flv873z20q-kustomize-5.4.3"
        }
      }
    },
    "nodejs_20": {
      "plugin_version": "0.0.2",
      "resolved": "github:NixOS/nixpkgs/75a52265bda7fd25e06e3a67dee3f0354e73243c#nodejs_20",
      "source": "nixpkg"
    },
    "terraform@1.8.5": {
      "last_modified": "2024-07-07T07:43:47Z",
      "resolved": "github:NixOS/nixpkgs/b60793b86201040d9dee019a05089a9150d08b5b#terraform",
      "source": "devbox-search",
      "version": "1.8.5",
      "systems": {
        "aarch64-darwin": {
          "outputs": [
            {
              "name": "out",
              "path": "/nix/store/1vchk9n2q7pvs3mzmzpm0mw1azgcrmc9-terraform-1.8.5",
              "default": true
            }
          ],
          "store_path": "/nix/store/1vchk9n2q7pvs3mzmzpm0mw1azgcrmc9-terraform-1.8.5"
        },
        "aarch64-linux": {
          "outputs": [
            {
              "name": "out",
              "path": "/nix/store/f7yk1fsywl80pw6qr1idfwcr9bqjjwi1-terraform-1.8.5",
              "default": true
            }
          ],
          "store_path": "/nix/store/f7yk1fsywl80pw6qr1idfwcr9bqjjwi1-terraform-1.8.5"
        },
        "x86_64-darwin": {
          "outputs": [
            {
              "name": "out",
              "path": "/nix/store/hs031qn68yb750rsnr44ggxf27rw8nzx-terraform-1.8.5",
              "default": true
            }
          ],
          "store_path": "/nix/store/hs031qn68yb750rsnr44ggxf27rw8nzx-terraform-1.8.5"
        },
        "x86_64-linux": {
          "outputs": [
            {
              "name": "out",
              "path": "/nix/store/sq5z1vqpb0mfgr7ynbd3q3119kj72yqp-terraform-1.8.5",
              "default": true
            }
          ],
          "store_path": "/nix/store/sq5z1vqpb0mfgr7ynbd3q3119kj72yqp-terraform-1.8.5"
        }
      }
    }
  }
}
